
Microsoft Visual Studio Solution File, Format Version 12.00
# Visual Studio 15
VisualStudioVersion = 15.0.28307.1500
MinimumVisualStudioVersion = 10.0.40219.1
Project("{FAE04EC0-301F-11D3-BF4B-00C04F79EFBC}") = "ConsoleApp9", "ConsoleApp9\ConsoleApp9.csproj", "{B1E2D139-74DE-4F9F-9820-7D2DC03C99E2}"
EndProject
Global
	GlobalSection(SolutionConfigurationPlatforms) = preSolution
		Debug|Any CPU = Debug|Any CPU
		Release|Any CPU = Release|Any CPU
	EndGlobalSection
	GlobalSection(ProjectConfigurationPlatforms) = postSolution
		{B1E2D139-74DE-4F9F-9820-7D2DC03C99E2}.Debug|Any CPU.ActiveCfg = Debug|Any CPU
		{B1E2D139-74DE-4F9F-9820-7D2DC03C99E2}.Debug|Any CPU.Build.0 = Debug|Any CPU
		{B1E2D139-74DE-4F9F-9820-7D2DC03C99E2}.Release|Any CPU.ActiveCfg = Release|Any CPU
		{B1E2D139-74DE-4F9F-9820-7D2DC03C99E2}.Release|Any CPU.Build.0 = Release|Any CPU
	EndGlobalSection
	GlobalSection(SolutionProperties) = preSolution
		HideSolutionNode = FALSE
	EndGlobalSection
	GlobalSection(ExtensibilityGlobals) = postSolution
		SolutionGuid = {1BCC291E-62B8-4697-9607-E681D80D1746}
	EndGlobalSection
EndGlobal
